
Microsoft Visual Studio Solution File, Format Version 12.00
# Visual Studio Version 16
VisualStudioVersion = 16.0.30611.23
MinimumVisualStudioVersion = 10.0.40219.1
Project("{FAE04EC0-301F-11D3-BF4B-00C04F79EFBC}") = "Manis_BankingSystem_Project", "Manis_BankingSystem_Project.csproj", "{EC17E289-C7E3-4543-AB17-6E5DBC5483FB}"
EndProject
Global
	GlobalSection(SolutionConfigurationPlatforms) = preSolution
		Debug|Any CPU = Debug|Any CPU
		Release|Any CPU = Release|Any CPU
	EndGlobalSection
	GlobalSection(ProjectConfigurationPlatforms) = postSolution
		{EC17E289-C7E3-4543-AB17-6E5DBC5483FB}.Debug|Any CPU.ActiveCfg = Debug|Any CPU
		{EC17E289-C7E3-4543-AB17-6E5DBC5483FB}.Debug|Any CPU.Build.0 = Debug|Any CPU
		{EC17E289-C7E3-4543-AB17-6E5DBC5483FB}.Release|Any CPU.ActiveCfg = Release|Any CPU
		{EC17E289-C7E3-4543-AB17-6E5DBC5483FB}.Release|Any CPU.Build.0 = Release|Any CPU
	EndGlobalSection
	GlobalSection(SolutionProperties) = preSolution
		HideSolutionNode = FALSE
	EndGlobalSection
	GlobalSection(ExtensibilityGlobals) = postSolution
		SolutionGuid = {33D25852-659E-4F4D-9BAD-50CF63A807E4}
	EndGlobalSection
EndGlobal
